
Microsoft Visual Studio Solution File, Format Version 12.00
# Visual Studio Version 17
VisualStudioVersion = 17.14.36401.2 d17.14
MinimumVisualStudioVersion = 10.0.40219.1
Project("{FAE04EC0-301F-11D3-BF4B-00C04F79EFBC}") = "Callcenter.WebServer", "Callcenter.WebServer\Callcenter.WebServer.csproj", "{908B0834-994E-4A0F-8F92-1412E45F8A8B}"
EndProject
Project("{FAE04EC0-301F-11D3-BF4B-00C04F79EFBC}") = "Callcenter.Api", "Callcenter.Api\Callcenter.Api.csproj", "{AAF2143C-84DC-4655-B1BA-C38DAE696216}"
EndProject
Project("{FAE04EC0-301F-11D3-BF4B-00C04F79EFBC}") = "Callcenter.Shared", "Callcenter.Shared\Callcenter.Shared.csproj", "{986935D3-3294-4905-87B6-987E14C8B4F2}"
EndProject
Project("{FAE04EC0-301F-11D3-BF4B-00C04F79EFBC}") = "Callcenter.Web", "Callcenter.Web\Callcenter.Web.csproj", "{58FDD0E1-F304-4DA5-AAC4-9DF49B617706}"
EndProject
Global
	GlobalSection(SolutionConfigurationPlatforms) = preSolution
		Debug|Any CPU = Debug|Any CPU
		Release|Any CPU = Release|Any CPU
	EndGlobalSection
	GlobalSection(ProjectConfigurationPlatforms) = postSolution
		{908B0834-994E-4A0F-8F92-1412E45F8A8B}.Debug|Any CPU.ActiveCfg = Debug|Any CPU
		{908B0834-994E-4A0F-8F92-1412E45F8A8B}.Debug|Any CPU.Build.0 = Debug|Any CPU
		{908B0834-994E-4A0F-8F92-1412E45F8A8B}.Release|Any CPU.ActiveCfg = Release|Any CPU
		{908B0834-994E-4A0F-8F92-1412E45F8A8B}.Release|Any CPU.Build.0 = Release|Any CPU
		{AAF2143C-84DC-4655-B1BA-C38DAE696216}.Debug|Any CPU.ActiveCfg = Debug|Any CPU
		{AAF2143C-84DC-4655-B1BA-C38DAE696216}.Debug|Any CPU.Build.0 = Debug|Any CPU
		{AAF2143C-84DC-4655-B1BA-C38DAE696216}.Release|Any CPU.ActiveCfg = Release|Any CPU
		{AAF2143C-84DC-4655-B1BA-C38DAE696216}.Release|Any CPU.Build.0 = Release|Any CPU
		{986935D3-3294-4905-87B6-987E14C8B4F2}.Debug|Any CPU.ActiveCfg = Debug|Any CPU
		{986935D3-3294-4905-87B6-987E14C8B4F2}.Debug|Any CPU.Build.0 = Debug|Any CPU
		{986935D3-3294-4905-87B6-987E14C8B4F2}.Release|Any CPU.ActiveCfg = Release|Any CPU
		{986935D3-3294-4905-87B6-987E14C8B4F2}.Release|Any CPU.Build.0 = Release|Any CPU
		{58FDD0E1-F304-4DA5-AAC4-9DF49B617706}.Debug|Any CPU.ActiveCfg = Debug|Any CPU
		{58FDD0E1-F304-4DA5-AAC4-9DF49B617706}.Debug|Any CPU.Build.0 = Debug|Any CPU
		{58FDD0E1-F304-4DA5-AAC4-9DF49B617706}.Release|Any CPU.ActiveCfg = Release|Any CPU
		{58FDD0E1-F304-4DA5-AAC4-9DF49B617706}.Release|Any CPU.Build.0 = Release|Any CPU
	EndGlobalSection
	GlobalSection(SolutionProperties) = preSolution
		HideSolutionNode = FALSE
	EndGlobalSection
	GlobalSection(ExtensibilityGlobals) = postSolution
		SolutionGuid = {009F2750-0FDF-4E0B-A8D0-92451000259A}
	EndGlobalSection
EndGlobal
